// !$*UTF8*$!
{
	archiveVersion = 1;
	classes = {
	};
	objectVersion = 46;
	objects = {

/* Begin PBXBuildFile section */
		8E6F3C3E17D8F13F00589E65 /* UIKit.framework in Frameworks */ = {isa = PBXBuildFile; fileRef = 8E6F3C3D17D8F13F00589E65 /* UIKit.framework */; };
		8E6F3C4017D8F13F00589E65 /* Foundation.framework in Frameworks */ = {isa = PBXBuildFile; fileRef = 8E6F3C3F17D8F13F00589E65 /* Foundation.framework */; };
		8E6F3C4217D8F13F00589E65 /* CoreGraphics.framework in Frameworks */ = {isa = PBXBuildFile; fileRef = 8E6F3C4117D8F13F00589E65 /* CoreGraphics.framework */; };
		8E6F3C4817D8F14000589E65 /* InfoPlist.strings in Resources */ = {isa = PBXBuildFile; fileRef = 8E6F3C4617D8F14000589E65 /* InfoPlist.strings */; };
		8E6F3C4A17D8F14000589E65 /* main.m in Sources */ = {isa = PBXBuildFile; fileRef = 8E6F3C4917D8F14000589E65 /* main.m */; };
		8E6F3C4E17D8F14000589E65 /* AppDelegate.m in Sources */ = {isa = PBXBuildFile; fileRef = 8E6F3C4D17D8F14000589E65 /* AppDelegate.m */; };
		8E6F3C5017D8F14000589E65 /* Default.png in Resources */ = {isa = PBXBuildFile; fileRef = 8E6F3C4F17D8F14000589E65 /* Default.png */; };
		8E6F3C5217D8F14000589E65 /* Default@2x.png in Resources */ = {isa = PBXBuildFile; fileRef = 8E6F3C5117D8F14000589E65 /* Default@2x.png */; };
		8E6F3C5417D8F14000589E65 /* Default-568h@2x.png in Resources */ = {isa = PBXBuildFile; fileRef = 8E6F3C5317D8F14000589E65 /* Default-568h@2x.png */; };
		8E6F3C6317D8F3E300589E65 /* MenuViewController.m in Sources */ = {isa = PBXBuildFile; fileRef = 8E6F3C6117D8F3E300589E65 /* MenuViewController.m */; };
		8E6F3C6417D8F3E300589E65 /* MenuViewController.xib in Resources */ = {isa = PBXBuildFile; fileRef = 8E6F3C6217D8F3E300589E65 /* MenuViewController.xib */; };
		8E6F3C6817D8F3FF00589E65 /* CameraViewController.m in Sources */ = {isa = PBXBuildFile; fileRef = 8E6F3C6617D8F3FF00589E65 /* CameraViewController.m */; };
		8E6F3C6917D8F3FF00589E65 /* CameraViewController.xib in Resources */ = {isa = PBXBuildFile; fileRef = 8E6F3C6717D8F3FF00589E65 /* CameraViewController.xib */; };
		8E6F3C6D17D8F41600589E65 /* MapViewController.m in Sources */ = {isa = PBXBuildFile; fileRef = 8E6F3C6B17D8F41600589E65 /* MapViewController.m */; };
		8E6F3C6E17D8F41600589E65 /* MapViewController.xib in Resources */ = {isa = PBXBuildFile; fileRef = 8E6F3C6C17D8F41600589E65 /* MapViewController.xib */; };
		8E6F3C7217D8F43500589E65 /* PedometrViewController.m in Sources */ = {isa = PBXBuildFile; fileRef = 8E6F3C7017D8F43400589E65 /* PedometrViewController.m */; };
		8E6F3C7317D8F43500589E65 /* PedometrViewController.xib in Resources */ = {isa = PBXBuildFile; fileRef = 8E6F3C7117D8F43500589E65 /* PedometrViewController.xib */; };
		8E6F3C7717D8F45A00589E65 /* BrowserViewController.m in Sources */ = {isa = PBXBuildFile; fileRef = 8E6F3C7517D8F45900589E65 /* BrowserViewController.m */; };
		8E6F3C7817D8F45A00589E65 /* BrowserViewController.xib in Resources */ = {isa = PBXBuildFile; fileRef = 8E6F3C7617D8F45A00589E65 /* BrowserViewController.xib */; };
		8E6F3C7C17D8F47C00589E65 /* AudioPlayerViewController.m in Sources */ = {isa = PBXBuildFile; fileRef = 8E6F3C7A17D8F47C00589E65 /* AudioPlayerViewController.m */; };
		8E6F3C7D17D8F47C00589E65 /* AudioPlayerViewController.xib in Resources */ = {isa = PBXBuildFile; fileRef = 8E6F3C7B17D8F47C00589E65 /* AudioPlayerViewController.xib */; };
		8E8E9BDA17DA423B00CB58B1 /* AssetsLibrary.framework in Frameworks */ = {isa = PBXBuildFile; fileRef = 8E8E9BD917DA423B00CB58B1 /* AssetsLibrary.framework */; };
		8E8E9BDC17DA424800CB58B1 /* MapKit.framework in Frameworks */ = {isa = PBXBuildFile; fileRef = 8E8E9BDB17DA424800CB58B1 /* MapKit.framework */; };
		8E8E9BDE17DA425500CB58B1 /* AVFoundation.framework in Frameworks */ = {isa = PBXBuildFile; fileRef = 8E8E9BDD17DA425500CB58B1 /* AVFoundation.framework */; };
		8E8E9BE017DA426A00CB58B1 /* AddressBook.framework in Frameworks */ = {isa = PBXBuildFile; fileRef = 8E8E9BDF17DA426A00CB58B1 /* AddressBook.framework */; };
		8E8E9BE217DA427600CB58B1 /* AddressBookUI.framework in Frameworks */ = {isa = PBXBuildFile; fileRef = 8E8E9BE117DA427600CB58B1 /* AddressBookUI.framework */; };
		8E8E9BE517DA54AF00CB58B1 /* CameraOverlayView.m in Sources */ = {isa = PBXBuildFile; fileRef = 8E8E9BE417DA54AF00CB58B1 /* CameraOverlayView.m */; };
		8E8E9BE917DA593400CB58B1 /* CameraOverlayView.xib in Resources */ = {isa = PBXBuildFile; fileRef = 8E8E9BE817DA593400CB58B1 /* CameraOverlayView.xib */; };
/* End PBXBuildFile section */

/* Begin PBXFileReference section */
		8E6F3C3A17D8F13F00589E65 /* UniversalApp.app */ = {isa = PBXFileReference; explicitFileType = wrapper.application; includeInIndex = 0; path = UniversalApp.app; sourceTree = BUILT_PRODUCTS_DIR; };
		8E6F3C3D17D8F13F00589E65 /* UIKit.framework */ = {isa = PBXFileReference; lastKnownFileType = wrapper.framework; name = UIKit.framework; path = System/Library/Frameworks/UIKit.framework; sourceTree = SDKROOT; };
		8E6F3C3F17D8F13F00589E65 /* Foundation.framework */ = {isa = PBXFileReference; lastKnownFileType = wrapper.framework; name = Foundation.framework; path = System/Library/Frameworks/Foundation.framework; sourceTree = SDKROOT; };
		8E6F3C4117D8F13F00589E65 /* CoreGraphics.framework */ = {isa = PBXFileReference; lastKnownFileType = wrapper.framework; name = CoreGraphics.framework; path = System/Library/Frameworks/CoreGraphics.framework; sourceTree = SDKROOT; };
		8E6F3C4517D8F14000589E65 /* UniversalApp-Info.plist */ = {isa = PBXFileReference; lastKnownFileType = text.plist.xml; path = "UniversalApp-Info.plist"; sourceTree = "<group>"; };
		8E6F3C4717D8F14000589E65 /* en */ = {isa = PBXFileReference; lastKnownFileType = text.plist.strings; name = en; path = en.lproj/InfoPlist.strings; sourceTree = "<group>"; };
		8E6F3C4917D8F14000589E65 /* main.m */ = {isa = PBXFileReference; lastKnownFileType = sourcecode.c.objc; path = main.m; sourceTree = "<group>"; };
		8E6F3C4B17D8F14000589E65 /* UniversalApp-Prefix.pch */ = {isa = PBXFileReference; lastKnownFileType = sourcecode.c.h; path = "UniversalApp-Prefix.pch"; sourceTree = "<group>"; };
		8E6F3C4C17D8F14000589E65 /* AppDelegate.h */ = {isa = PBXFileReference; lastKnownFileType = sourcecode.c.h; path = AppDelegate.h; sourceTree = "<group>"; };
		8E6F3C4D17D8F14000589E65 /* AppDelegate.m */ = {isa = PBXFileReference; lastKnownFileType = sourcecode.c.objc; path = AppDelegate.m; sourceTree = "<group>"; };
		8E6F3C4F17D8F14000589E65 /* Default.png */ = {isa = PBXFileReference; lastKnownFileType = image.png; path = Default.png; sourceTree = "<group>"; };
		8E6F3C5117D8F14000589E65 /* Default@2x.png */ = {isa = PBXFileReference; lastKnownFileType = image.png; path = "Default@2x.png"; sourceTree = "<group>"; };
		8E6F3C5317D8F14000589E65 /* Default-568h@2x.png */ = {isa = PBXFileReference; lastKnownFileType = image.png; path = "Default-568h@2x.png"; sourceTree = "<group>"; };
		8E6F3C6017D8F3E300589E65 /* MenuViewController.h */ = {isa = PBXFileReference; fileEncoding = 4; lastKnownFileType = sourcecode.c.h; path = MenuViewController.h; sourceTree = "<group>"; };
		8E6F3C6117D8F3E300589E65 /* MenuViewController.m */ = {isa = PBXFileReference; fileEncoding = 4; lastKnownFileType = sourcecode.c.objc; path = MenuViewController.m; sourceTree = "<group>"; };
		8E6F3C6217D8F3E300589E65 /* MenuViewController.xib */ = {isa = PBXFileReference; fileEncoding = 4; lastKnownFileType = file.xib; path = MenuViewController.xib; sourceTree = "<group>"; };
		8E6F3C6517D8F3FF00589E65 /* CameraViewController.h */ = {isa = PBXFileReference; fileEncoding = 4; lastKnownFileType = sourcecode.c.h; path = CameraViewController.h; sourceTree = "<group>"; };
		8E6F3C6617D8F3FF00589E65 /* CameraViewController.m */ = {isa = PBXFileReference; fileEncoding = 4; lastKnownFileType = sourcecode.c.objc; path = CameraViewController.m; sourceTree = "<group>"; };
		8E6F3C6717D8F3FF00589E65 /* CameraViewController.xib */ = {isa = PBXFileReference; fileEncoding = 4; lastKnownFileType = file.xib; path = CameraViewController.xib; sourceTree = "<group>"; };
		8E6F3C6A17D8F41600589E65 /* MapViewController.h */ = {isa = PBXFileReference; fileEncoding = 4; lastKnownFileType = sourcecode.c.h; path = MapViewController.h; sourceTree = "<group>"; };
		8E6F3C6B17D8F41600589E65 /* MapViewController.m */ = {isa = PBXFileReference; fileEncoding = 4; lastKnownFileType = sourcecode.c.objc; path = MapViewController.m; sourceTree = "<group>"; };
		8E6F3C6C17D8F41600589E65 /* MapViewController.xib */ = {isa = PBXFileReference; fileEncoding = 4; lastKnownFileType = file.xib; path = MapViewController.xib; sourceTree = "<group>"; };
		8E6F3C6F17D8F43400589E65 /* PedometrViewController.h */ = {isa = PBXFileReference; fileEncoding = 4; lastKnownFileType = sourcecode.c.h; path = PedometrViewController.h; sourceTree = "<group>"; };
		8E6F3C7017D8F43400589E65 /* PedometrViewController.m */ = {isa = PBXFileReference; fileEncoding = 4; lastKnownFileType = sourcecode.c.objc; path = PedometrViewController.m; sourceTree = "<group>"; };
		8E6F3C7117D8F43500589E65 /* PedometrViewController.xib */ = {isa = PBXFileReference; fileEncoding = 4; lastKnownFileType = file.xib; path = PedometrViewController.xib; sourceTree = "<group>"; };
		8E6F3C7417D8F45900589E65 /* BrowserViewController.h */ = {isa = PBXFileReference; fileEncoding = 4; lastKnownFileType = sourcecode.c.h; path = BrowserViewController.h; sourceTree = "<group>"; };
		8E6F3C7517D8F45900589E65 /* BrowserViewController.m */ = {isa = PBXFileReference; fileEncoding = 4; lastKnownFileType = sourcecode.c.objc; path = BrowserViewController.m; sourceTree = "<group>"; };
		8E6F3C7617D8F45A00589E65 /* BrowserViewController.xib */ = {isa = PBXFileReference; fileEncoding = 4; lastKnownFileType = file.xib; path = BrowserViewController.xib; sourceTree = "<group>"; };
		8E6F3C7917D8F47B00589E65 /* AudioPlayerViewController.h */ = {isa = PBXFileReference; fileEncoding = 4; lastKnownFileType = sourcecode.c.h; path = AudioPlayerViewController.h; sourceTree = "<group>"; };
		8E6F3C7A17D8F47C00589E65 /* AudioPlayerViewController.m */ = {isa = PBXFileReference; fileEncoding = 4; lastKnownFileType = sourcecode.c.objc; path = AudioPlayerViewController.m; sourceTree = "<group>"; };
		8E6F3C7B17D8F47C00589E65 /* AudioPlayerViewController.xib */ = {isa = PBXFileReference; fileEncoding = 4; lastKnownFileType = file.xib; path = AudioPlayerViewController.xib; sourceTree = "<group>"; };
		8E8E9BD917DA423B00CB58B1 /* AssetsLibrary.framework */ = {isa = PBXFileReference; lastKnownFileType = wrapper.framework; name = AssetsLibrary.framework; path = System/Library/Frameworks/AssetsLibrary.framework; sourceTree = SDKROOT; };
		8E8E9BDB17DA424800CB58B1 /* MapKit.framework */ = {isa = PBXFileReference; lastKnownFileType = wrapper.framework; name = MapKit.framework; path = System/Library/Frameworks/MapKit.framework; sourceTree = SDKROOT; };
		8E8E9BDD17DA425500CB58B1 /* AVFoundation.framework */ = {isa = PBXFileReference; lastKnownFileType = wrapper.framework; name = AVFoundation.framework; path = System/Library/Frameworks/AVFoundation.framework; sourceTree = SDKROOT; };
		8E8E9BDF17DA426A00CB58B1 /* AddressBook.framework */ = {isa = PBXFileReference; lastKnownFileType = wrapper.framework; name = AddressBook.framework; path = System/Library/Frameworks/AddressBook.framework; sourceTree = SDKROOT; };
		8E8E9BE117DA427600CB58B1 /* AddressBookUI.framework */ = {isa = PBXFileReference; lastKnownFileType = wrapper.framework; name = AddressBookUI.framework; path = System/Library/Frameworks/AddressBookUI.framework; sourceTree = SDKROOT; };
		8E8E9BE317DA54AE00CB58B1 /* CameraOverlayView.h */ = {isa = PBXFileReference; fileEncoding = 4; lastKnownFileType = sourcecode.c.h; path = CameraOverlayView.h; sourceTree = "<group>"; };
		8E8E9BE417DA54AF00CB58B1 /* CameraOverlayView.m */ = {isa = PBXFileReference; fileEncoding = 4; lastKnownFileType = sourcecode.c.objc; path = CameraOverlayView.m; sourceTree = "<group>"; };
		8E8E9BE817DA593400CB58B1 /* CameraOverlayView.xib */ = {isa = PBXFileReference; fileEncoding = 4; lastKnownFileType = file.xib; path = CameraOverlayView.xib; sourceTree = "<group>"; };
/* End PBXFileReference section */

/* Begin PBXFrameworksBuildPhase section */
		8E6F3C3717D8F13F00589E65 /* Frameworks */ = {
			isa = PBXFrameworksBuildPhase;
			buildActionMask = 2147483647;
			files = (
				8E8E9BE217DA427600CB58B1 /* AddressBookUI.framework in Frameworks */,
				8E8E9BE017DA426A00CB58B1 /* AddressBook.framework in Frameworks */,
				8E8E9BDE17DA425500CB58B1 /* AVFoundation.framework in Frameworks */,
				8E8E9BDC17DA424800CB58B1 /* MapKit.framework in Frameworks */,
				8E8E9BDA17DA423B00CB58B1 /* AssetsLibrary.framework in Frameworks */,
				8E6F3C3E17D8F13F00589E65 /* UIKit.framework in Frameworks */,
				8E6F3C4017D8F13F00589E65 /* Foundation.framework in Frameworks */,
				8E6F3C4217D8F13F00589E65 /* CoreGraphics.framework in Frameworks */,
			);
			runOnlyForDeploymentPostprocessing = 0;
		};
/* End PBXFrameworksBuildPhase section */

/* Begin PBXGroup section */
		8E6F3C3117D8F13F00589E65 = {
			isa = PBXGroup;
			children = (
				8E6F3C4317D8F13F00589E65 /* UniversalApp */,
				8E6F3C3C17D8F13F00589E65 /* Frameworks */,
				8E6F3C3B17D8F13F00589E65 /* Products */,
			);
			sourceTree = "<group>";
		};
		8E6F3C3B17D8F13F00589E65 /* Products */ = {
			isa = PBXGroup;
			children = (
				8E6F3C3A17D8F13F00589E65 /* UniversalApp.app */,
			);
			name = Products;
			sourceTree = "<group>";
		};
		8E6F3C3C17D8F13F00589E65 /* Frameworks */ = {
			isa = PBXGroup;
			children = (
				8E8E9BE117DA427600CB58B1 /* AddressBookUI.framework */,
				8E8E9BDF17DA426A00CB58B1 /* AddressBook.framework */,
				8E8E9BDD17DA425500CB58B1 /* AVFoundation.framework */,
				8E8E9BDB17DA424800CB58B1 /* MapKit.framework */,
				8E8E9BD917DA423B00CB58B1 /* AssetsLibrary.framework */,
				8E6F3C3D17D8F13F00589E65 /* UIKit.framework */,
				8E6F3C3F17D8F13F00589E65 /* Foundation.framework */,
				8E6F3C4117D8F13F00589E65 /* CoreGraphics.framework */,
			);
			name = Frameworks;
			sourceTree = "<group>";
		};
		8E6F3C4317D8F13F00589E65 /* UniversalApp */ = {
			isa = PBXGroup;
			children = (
				8E6F3C4C17D8F14000589E65 /* AppDelegate.h */,
				8E6F3C4D17D8F14000589E65 /* AppDelegate.m */,
				8E6F3C8317D8F4B000589E65 /* Controllers */,
				8E6F3C4417D8F14000589E65 /* Supporting Files */,
			);
			path = UniversalApp;
			sourceTree = "<group>";
		};
		8E6F3C4417D8F14000589E65 /* Supporting Files */ = {
			isa = PBXGroup;
			children = (
				8E6F3C4517D8F14000589E65 /* UniversalApp-Info.plist */,
				8E6F3C4617D8F14000589E65 /* InfoPlist.strings */,
				8E6F3C4917D8F14000589E65 /* main.m */,
				8E6F3C4B17D8F14000589E65 /* UniversalApp-Prefix.pch */,
				8E6F3C4F17D8F14000589E65 /* Default.png */,
				8E6F3C5117D8F14000589E65 /* Default@2x.png */,
				8E6F3C5317D8F14000589E65 /* Default-568h@2x.png */,
			);
			name = "Supporting Files";
			sourceTree = "<group>";
		};
		8E6F3C8317D8F4B000589E65 /* Controllers */ = {
			isa = PBXGroup;
			children = (
				8E6F3C8417D8F4C400589E65 /* Menu */,
				8E6F3C8517D8F4D900589E65 /* Camera */,
				8E6F3C8617D8F4EA00589E65 /* Pedometr */,
				8E6F3C8717D8F4F800589E65 /* AudioPlayer */,
				8E6F3C8917D8F52800589E65 /* Browser */,
				8E6F3C8A17D8F53800589E65 /* Map */,
			);
			name = Controllers;
			sourceTree = "<group>";
		};
		8E6F3C8417D8F4C400589E65 /* Menu */ = {
			isa = PBXGroup;
			children = (
				8E6F3C6017D8F3E300589E65 /* MenuViewController.h */,
				8E6F3C6117D8F3E300589E65 /* MenuViewController.m */,
				8E6F3C6217D8F3E300589E65 /* MenuViewController.xib */,
			);
			name = Menu;
			sourceTree = "<group>";
		};
		8E6F3C8517D8F4D900589E65 /* Camera */ = {
			isa = PBXGroup;
			children = (
				8E6F3C6517D8F3FF00589E65 /* CameraViewController.h */,
				8E6F3C6617D8F3FF00589E65 /* CameraViewController.m */,
				8E6F3C6717D8F3FF00589E65 /* CameraViewController.xib */,
				8E8E9BE317DA54AE00CB58B1 /* CameraOverlayView.h */,
				8E8E9BE417DA54AF00CB58B1 /* CameraOverlayView.m */,
				8E8E9BE817DA593400CB58B1 /* CameraOverlayView.xib */,
			);
			name = Camera;
			sourceTree = "<group>";
		};
		8E6F3C8617D8F4EA00589E65 /* Pedometr */ = {
			isa = PBXGroup;
			children = (
				8E6F3C6F17D8F43400589E65 /* PedometrViewController.h */,
				8E6F3C7017D8F43400589E65 /* PedometrViewController.m */,
				8E6F3C7117D8F43500589E65 /* PedometrViewController.xib */,
			);
			name = Pedometr;
			sourceTree = "<group>";
		};
		8E6F3C8717D8F4F800589E65 /* AudioPlayer */ = {
			isa = PBXGroup;
			children = (
				8E6F3C7917D8F47B00589E65 /* AudioPlayerViewController.h */,
				8E6F3C7A17D8F47C00589E65 /* AudioPlayerViewController.m */,
				8E6F3C7B17D8F47C00589E65 /* AudioPlayerViewController.xib */,
			);
			name = AudioPlayer;
			sourceTree = "<group>";
		};
		8E6F3C8917D8F52800589E65 /* Browser */ = {
			isa = PBXGroup;
			children = (
				8E6F3C7417D8F45900589E65 /* BrowserViewController.h */,
				8E6F3C7517D8F45900589E65 /* BrowserViewController.m */,
				8E6F3C7617D8F45A00589E65 /* BrowserViewController.xib */,
			);
			name = Browser;
			sourceTree = "<group>";
		};
		8E6F3C8A17D8F53800589E65 /* Map */ = {
			isa = PBXGroup;
			children = (
				8E6F3C6A17D8F41600589E65 /* MapViewController.h */,
				8E6F3C6B17D8F41600589E65 /* MapViewController.m */,
				8E6F3C6C17D8F41600589E65 /* MapViewController.xib */,
			);
			name = Map;
			sourceTree = "<group>";
		};
/* End PBXGroup section */

/* Begin PBXNativeTarget section */
		8E6F3C3917D8F13F00589E65 /* UniversalApp */ = {
			isa = PBXNativeTarget;
			buildConfigurationList = 8E6F3C5D17D8F14000589E65 /* Build configuration list for PBXNativeTarget "UniversalApp" */;
			buildPhases = (
				8E6F3C3617D8F13F00589E65 /* Sources */,
				8E6F3C3717D8F13F00589E65 /* Frameworks */,
				8E6F3C3817D8F13F00589E65 /* Resources */,
			);
			buildRules = (
			);
			dependencies = (
			);
			name = UniversalApp;
			productName = UniversalApp;
			productReference = 8E6F3C3A17D8F13F00589E65 /* UniversalApp.app */;
			productType = "com.apple.product-type.application";
		};
/* End PBXNativeTarget section */

/* Begin PBXProject section */
		8E6F3C3217D8F13F00589E65 /* Project object */ = {
			isa = PBXProject;
			attributes = {
				LastUpgradeCheck = 0460;
				ORGANIZATIONNAME = AleksandrP;
			};
			buildConfigurationList = 8E6F3C3517D8F13F00589E65 /* Build configuration list for PBXProject "UniversalApp" */;
			compatibilityVersion = "Xcode 3.2";
			developmentRegion = English;
			hasScannedForEncodings = 0;
			knownRegions = (
				en,
			);
			mainGroup = 8E6F3C3117D8F13F00589E65;
			productRefGroup = 8E6F3C3B17D8F13F00589E65 /* Products */;
			projectDirPath = "";
			projectRoot = "";
			targets = (
				8E6F3C3917D8F13F00589E65 /* UniversalApp */,
			);
		};
/* End PBXProject section */

/* Begin PBXResourcesBuildPhase section */
		8E6F3C3817D8F13F00589E65 /* Resources */ = {
			isa = PBXResourcesBuildPhase;
			buildActionMask = 2147483647;
			files = (
				8E6F3C4817D8F14000589E65 /* InfoPlist.strings in Resources */,
				8E6F3C5017D8F14000589E65 /* Default.png in Resources */,
				8E6F3C5217D8F14000589E65 /* Default@2x.png in Resources */,
				8E6F3C5417D8F14000589E65 /* Default-568h@2x.png in Resources */,
				8E6F3C6417D8F3E300589E65 /* MenuViewController.xib in Resources */,
				8E6F3C6917D8F3FF00589E65 /* CameraViewController.xib in Resources */,
				8E6F3C6E17D8F41600589E65 /* MapViewController.xib in Resources */,
				8E6F3C7317D8F43500589E65 /* PedometrViewController.xib in Resources */,
				8E6F3C7817D8F45A00589E65 /* BrowserViewController.xib in Resources */,
				8E6F3C7D17D8F47C00589E65 /* AudioPlayerViewController.xib in Resources */,
				8E8E9BE917DA593400CB58B1 /* CameraOverlayView.xib in Resources */,
			);
			runOnlyForDeploymentPostprocessing = 0;
		};
/* End PBXResourcesBuildPhase section */

/* Begin PBXSourcesBuildPhase section */
		8E6F3C3617D8F13F00589E65 /* Sources */ = {
			isa = PBXSourcesBuildPhase;
			buildActionMask = 2147483647;
			files = (
				8E6F3C4A17D8F14000589E65 /* main.m in Sources */,
				8E6F3C4E17D8F14000589E65 /* AppDelegate.m in Sources */,
				8E6F3C6317D8F3E300589E65 /* MenuViewController.m in Sources */,
				8E6F3C6817D8F3FF00589E65 /* CameraViewController.m in Sources */,
				8E6F3C6D17D8F41600589E65 /* MapViewController.m in Sources */,
				8E6F3C7217D8F43500589E65 /* PedometrViewController.m in Sources */,
				8E6F3C7717D8F45A00589E65 /* BrowserViewController.m in Sources */,
				8E6F3C7C17D8F47C00589E65 /* AudioPlayerViewController.m in Sources */,
				8E8E9BE517DA54AF00CB58B1 /* CameraOverlayView.m in Sources */,
			);
			runOnlyForDeploymentPostprocessing = 0;
		};
/* End PBXSourcesBuildPhase section */

/* Begin PBXVariantGroup section */
		8E6F3C4617D8F14000589E65 /* InfoPlist.strings */ = {
			isa = PBXVariantGroup;
			children = (
				8E6F3C4717D8F14000589E65 /* en */,
			);
			name = InfoPlist.strings;
			sourceTree = "<group>";
		};
/* End PBXVariantGroup section */

/* Begin XCBuildConfiguration section */
		8E6F3C5B17D8F14000589E65 /* Debug */ = {
			isa = XCBuildConfiguration;
			buildSettings = {
				ALWAYS_SEARCH_USER_PATHS = NO;
				CLANG_CXX_LANGUAGE_STANDARD = "gnu++0x";
				CLANG_CXX_LIBRARY = "libc++";
				CLANG_ENABLE_OBJC_ARC = YES;
				CLANG_WARN_CONSTANT_CONVERSION = YES;
				CLANG_WARN_EMPTY_BODY = YES;
				CLANG_WARN_ENUM_CONVERSION = YES;
				CLANG_WARN_INT_CONVERSION = YES;
				CLANG_WARN__DUPLICATE_METHOD_MATCH = YES;
				"CODE_SIGN_IDENTITY[sdk=iphoneos*]" = "iPhone Developer";
				COPY_PHASE_STRIP = NO;
				GCC_C_LANGUAGE_STANDARD = gnu99;
				GCC_DYNAMIC_NO_PIC = NO;
				GCC_OPTIMIZATION_LEVEL = 0;
				GCC_PREPROCESSOR_DEFINITIONS = (
					"DEBUG=1",
					"$(inherited)",
				);
				GCC_SYMBOLS_PRIVATE_EXTERN = NO;
				GCC_WARN_ABOUT_RETURN_TYPE = YES;
				GCC_WARN_UNINITIALIZED_AUTOS = YES;
				GCC_WARN_UNUSED_VARIABLE = YES;
				IPHONEOS_DEPLOYMENT_TARGET = 5.0;
				ONLY_ACTIVE_ARCH = YES;
				SDKROOT = iphoneos;
			};
			name = Debug;
		};
		8E6F3C5C17D8F14000589E65 /* Release */ = {
			isa = XCBuildConfiguration;
			buildSettings = {
				ALWAYS_SEARCH_USER_PATHS = NO;
				CLANG_CXX_LANGUAGE_STANDARD = "gnu++0x";
				CLANG_CXX_LIBRARY = "libc++";
				CLANG_ENABLE_OBJC_ARC = YES;
				CLANG_WARN_CONSTANT_CONVERSION = YES;
				CLANG_WARN_EMPTY_BODY = YES;
				CLANG_WARN_ENUM_CONVERSION = YES;
				CLANG_WARN_INT_CONVERSION = YES;
				CLANG_WARN__DUPLICATE_METHOD_MATCH = YES;
				"CODE_SIGN_IDENTITY[sdk=iphoneos*]" = "iPhone Developer";
				COPY_PHASE_STRIP = YES;
				GCC_C_LANGUAGE_STANDARD = gnu99;
				GCC_WARN_ABOUT_RETURN_TYPE = YES;
				GCC_WARN_UNINITIALIZED_AUTOS = YES;
				GCC_WARN_UNUSED_VARIABLE = YES;
				IPHONEOS_DEPLOYMENT_TARGET = 5.0;
				OTHER_CFLAGS = "-DNS_BLOCK_ASSERTIONS=1";
				SDKROOT = iphoneos;
				VALIDATE_PRODUCT = YES;
			};
			name = Release;
		};
		8E6F3C5E17D8F14000589E65 /* Debug */ = {
			isa = XCBuildConfiguration;
			buildSettings = {
				GCC_PRECOMPILE_PREFIX_HEADER = YES;
				GCC_PREFIX_HEADER = "UniversalApp/UniversalApp-Prefix.pch";
				INFOPLIST_FILE = "UniversalApp/UniversalApp-Info.plist";
				PRODUCT_NAME = "$(TARGET_NAME)";
				WRAPPER_EXTENSION = app;
			};
			name = Debug;
		};
		8E6F3C5F17D8F14000589E65 /* Release */ = {
			isa = XCBuildConfiguration;
			buildSettings = {
				GCC_PRECOMPILE_PREFIX_HEADER = YES;
				GCC_PREFIX_HEADER = "UniversalApp/UniversalApp-Prefix.pch";
				INFOPLIST_FILE = "UniversalApp/UniversalApp-Info.plist";
				PRODUCT_NAME = "$(TARGET_NAME)";
				WRAPPER_EXTENSION = app;
			};
			name = Release;
		};
/* End XCBuildConfiguration section */

/* Begin XCConfigurationList section */
		8E6F3C3517D8F13F00589E65 /* Build configuration list for PBXProject "UniversalApp" */ = {
			isa = XCConfigurationList;
			buildConfigurations = (
				8E6F3C5B17D8F14000589E65 /* Debug */,
				8E6F3C5C17D8F14000589E65 /* Release */,
			);
			defaultConfigurationIsVisible = 0;
			defaultConfigurationName = Release;
		};
		8E6F3C5D17D8F14000589E65 /* Build configuration list for PBXNativeTarget "UniversalApp" */ = {
			isa = XCConfigurationList;
			buildConfigurations = (
				8E6F3C5E17D8F14000589E65 /* Debug */,
				8E6F3C5F17D8F14000589E65 /* Release */,
			);
			defaultConfigurationIsVisible = 0;
			defaultConfigurationName = Release;
		};
/* End XCConfigurationList section */
	};
	rootObject = 8E6F3C3217D8F13F00589E65 /* Project object */;
}
